{
  "name": "my-project",
  "version": "1.0.0",
  "lockfileVersion": 3,
  "requires": true,
  "packages": {
    "": {
      "name": "my-project",
      "version": "1.0.0",
      "workspaces": [
        "packages/api",
        "packages/ui"
      ],
      "dependencies": {
        "express": "4.18.0"
      }
    },
    "node_modules/express": {
      "version": "4.18.0"
    },
    "node_modules/lodash": {
      "version": "4.17.21"
    },
    "node_modules/my-api": {
      "resolved": "packages/api",
      "link": true
    },
    "node_modules/my-ui": {
      "resolved": "packages/ui",
      "link": true
    },
    "packages/api": {
      "version": "1.0.0",
      "dependencies": {
        "express": "4.18.0"
      }
    },
    "packages/ui": {
      "version": "1.0.0",
      "dependencies": {
        "lodash": "4.17.21"
      }
    }
  }
}
